
Microsoft Visual Studio Solution File, Format Version 12.00
# Visual Studio 15
VisualStudioVersion = 15.0.26430.16
MinimumVisualStudioVersion = 10.0.40219.1
Project("{FAE04EC0-301F-11D3-BF4B-00C04F79EFBC}") = "OOP_Abstaction", "OOP_Abstract\OOP_Abstaction.csproj", "{49A67531-C962-4A09-BD33-3512D727C9CC}"
EndProject
Global
	GlobalSection(SolutionConfigurationPlatforms) = preSolution
		Debug|Any CPU = Debug|Any CPU
		Release|Any CPU = Release|Any CPU
	EndGlobalSection
	GlobalSection(ProjectConfigurationPlatforms) = postSolution
		{49A67531-C962-4A09-BD33-3512D727C9CC}.Debug|Any CPU.ActiveCfg = Debug|Any CPU
		{49A67531-C962-4A09-BD33-3512D727C9CC}.Debug|Any CPU.Build.0 = Debug|Any CPU
		{49A67531-C962-4A09-BD33-3512D727C9CC}.Release|Any CPU.ActiveCfg = Release|Any CPU
		{49A67531-C962-4A09-BD33-3512D727C9CC}.Release|Any CPU.Build.0 = Release|Any CPU
	EndGlobalSection
	GlobalSection(SolutionProperties) = preSolution
		HideSolutionNode = FALSE
	EndGlobalSection
	GlobalSection(ExtensibilityGlobals) = postSolution
		SolutionGuid = {4E741B5D-F3B7-41FB-9D84-8A532930A591}
	EndGlobalSection
EndGlobal
