
Microsoft Visual Studio Solution File, Format Version 12.00
# Visual Studio 15
VisualStudioVersion = 15.0.26430.16
MinimumVisualStudioVersion = 10.0.40219.1
Project("{FAE04EC0-301F-11D3-BF4B-00C04F79EFBC}") = "CarParkingSystem", "CarParkingSystem\CarParkingSystem.csproj", "{B5377F10-02B2-4041-BDB3-E027FF727E91}"
EndProject
Global
	GlobalSection(SolutionConfigurationPlatforms) = preSolution
		Debug|Any CPU = Debug|Any CPU
		Release|Any CPU = Release|Any CPU
	EndGlobalSection
	GlobalSection(ProjectConfigurationPlatforms) = postSolution
		{B5377F10-02B2-4041-BDB3-E027FF727E91}.Debug|Any CPU.ActiveCfg = Debug|Any CPU
		{B5377F10-02B2-4041-BDB3-E027FF727E91}.Debug|Any CPU.Build.0 = Debug|Any CPU
		{B5377F10-02B2-4041-BDB3-E027FF727E91}.Release|Any CPU.ActiveCfg = Release|Any CPU
		{B5377F10-02B2-4041-BDB3-E027FF727E91}.Release|Any CPU.Build.0 = Release|Any CPU
	EndGlobalSection
	GlobalSection(SolutionProperties) = preSolution
		HideSolutionNode = FALSE
	EndGlobalSection
EndGlobal
